// !$*UTF8*$!
{
	archiveVersion = 1;
	classes = {
	};
	objectVersion = 50;
	objects = {

/* Begin PBXBuildFile section */
		A15B5091227F6F9A00E0988B /* VideoStore.framework in Frameworks */ = {isa = PBXBuildFile; fileRef = A15B5087227F6F9900E0988B /* VideoStore.framework */; };
		A15B5096227F6F9A00E0988B /* VideoStoreTests.swift in Sources */ = {isa = PBXBuildFile; fileRef = A15B5095227F6F9A00E0988B /* VideoStoreTests.swift */; };
		A15B5098227F6F9A00E0988B /* VideoStore.h in Headers */ = {isa = PBXBuildFile; fileRef = A15B508A227F6F9900E0988B /* VideoStore.h */; settings = {ATTRIBUTES = (Public, ); }; };
		A15B50A2227F715400E0988B /* Rental.swift in Sources */ = {isa = PBXBuildFile; fileRef = A15B50A1227F715400E0988B /* Rental.swift */; };
		A15B50A4227F71D000E0988B /* Movie.swift in Sources */ = {isa = PBXBuildFile; fileRef = A15B50A3227F71D000E0988B /* Movie.swift */; };
		A15B50A6227F736400E0988B /* Customer.swift in Sources */ = {isa = PBXBuildFile; fileRef = A15B50A5227F736400E0988B /* Customer.swift */; };
/* End PBXBuildFile section */

/* Begin PBXContainerItemProxy section */
		A15B5092227F6F9A00E0988B /* PBXContainerItemProxy */ = {
			isa = PBXContainerItemProxy;
			containerPortal = A15B507E227F6F9900E0988B /* Project object */;
			proxyType = 1;
			remoteGlobalIDString = A15B5086227F6F9900E0988B;
			remoteInfo = VideoStore;
		};
/* End PBXContainerItemProxy section */

/* Begin PBXFileReference section */
		A15B5087227F6F9900E0988B /* VideoStore.framework */ = {isa = PBXFileReference; explicitFileType = wrapper.framework; includeInIndex = 0; path = VideoStore.framework; sourceTree = BUILT_PRODUCTS_DIR; };
		A15B508A227F6F9900E0988B /* VideoStore.h */ = {isa = PBXFileReference; lastKnownFileType = sourcecode.c.h; path = VideoStore.h; sourceTree = "<group>"; };
		A15B508B227F6F9900E0988B /* Info.plist */ = {isa = PBXFileReference; lastKnownFileType = text.plist.xml; path = Info.plist; sourceTree = "<group>"; };
		A15B5090227F6F9A00E0988B /* VideoStoreTests.xctest */ = {isa = PBXFileReference; explicitFileType = wrapper.cfbundle; includeInIndex = 0; path = VideoStoreTests.xctest; sourceTree = BUILT_PRODUCTS_DIR; };
		A15B5095227F6F9A00E0988B /* VideoStoreTests.swift */ = {isa = PBXFileReference; lastKnownFileType = sourcecode.swift; path = VideoStoreTests.swift; sourceTree = "<group>"; };
		A15B5097227F6F9A00E0988B /* Info.plist */ = {isa = PBXFileReference; lastKnownFileType = text.plist.xml; path = Info.plist; sourceTree = "<group>"; };
		A15B50A1227F715400E0988B /* Rental.swift */ = {isa = PBXFileReference; lastKnownFileType = sourcecode.swift; path = Rental.swift; sourceTree = "<group>"; };
		A15B50A3227F71D000E0988B /* Movie.swift */ = {isa = PBXFileReference; lastKnownFileType = sourcecode.swift; path = Movie.swift; sourceTree = "<group>"; };
		A15B50A5227F736400E0988B /* Customer.swift */ = {isa = PBXFileReference; lastKnownFileType = sourcecode.swift; path = Customer.swift; sourceTree = "<group>"; };
/* End PBXFileReference section */

/* Begin PBXFrameworksBuildPhase section */
		A15B5084227F6F9900E0988B /* Frameworks */ = {
			isa = PBXFrameworksBuildPhase;
			buildActionMask = 2147483647;
			files = (
			);
			runOnlyForDeploymentPostprocessing = 0;
		};
		A15B508D227F6F9A00E0988B /* Frameworks */ = {
			isa = PBXFrameworksBuildPhase;
			buildActionMask = 2147483647;
			files = (
				A15B5091227F6F9A00E0988B /* VideoStore.framework in Frameworks */,
			);
			runOnlyForDeploymentPostprocessing = 0;
		};
/* End PBXFrameworksBuildPhase section */

/* Begin PBXGroup section */
		A15B507D227F6F9900E0988B = {
			isa = PBXGroup;
			children = (
				A15B5089227F6F9900E0988B /* VideoStore */,
				A15B5094227F6F9A00E0988B /* VideoStoreTests */,
				A15B5088227F6F9900E0988B /* Products */,
			);
			sourceTree = "<group>";
		};
		A15B5088227F6F9900E0988B /* Products */ = {
			isa = PBXGroup;
			children = (
				A15B5087227F6F9900E0988B /* VideoStore.framework */,
				A15B5090227F6F9A00E0988B /* VideoStoreTests.xctest */,
			);
			name = Products;
			sourceTree = "<group>";
		};
		A15B5089227F6F9900E0988B /* VideoStore */ = {
			isa = PBXGroup;
			children = (
				A15B508A227F6F9900E0988B /* VideoStore.h */,
				A15B508B227F6F9900E0988B /* Info.plist */,
				A15B50A1227F715400E0988B /* Rental.swift */,
				A15B50A3227F71D000E0988B /* Movie.swift */,
				A15B50A5227F736400E0988B /* Customer.swift */,
			);
			path = VideoStore;
			sourceTree = "<group>";
		};
		A15B5094227F6F9A00E0988B /* VideoStoreTests */ = {
			isa = PBXGroup;
			children = (
				A15B5095227F6F9A00E0988B /* VideoStoreTests.swift */,
				A15B5097227F6F9A00E0988B /* Info.plist */,
			);
			path = VideoStoreTests;
			sourceTree = "<group>";
		};
/* End PBXGroup section */

/* Begin PBXHeadersBuildPhase section */
		A15B5082227F6F9900E0988B /* Headers */ = {
			isa = PBXHeadersBuildPhase;
			buildActionMask = 2147483647;
			files = (
				A15B5098227F6F9A00E0988B /* VideoStore.h in Headers */,
			);
			runOnlyForDeploymentPostprocessing = 0;
		};
/* End PBXHeadersBuildPhase section */

/* Begin PBXNativeTarget section */
		A15B5086227F6F9900E0988B /* VideoStore */ = {
			isa = PBXNativeTarget;
			buildConfigurationList = A15B509B227F6F9A00E0988B /* Build configuration list for PBXNativeTarget "VideoStore" */;
			buildPhases = (
				A15B5082227F6F9900E0988B /* Headers */,
				A15B5083227F6F9900E0988B /* Sources */,
				A15B5084227F6F9900E0988B /* Frameworks */,
				A15B5085227F6F9900E0988B /* Resources */,
			);
			buildRules = (
			);
			dependencies = (
			);
			name = VideoStore;
			productName = VideoStore;
			productReference = A15B5087227F6F9900E0988B /* VideoStore.framework */;
			productType = "com.apple.product-type.framework";
		};
		A15B508F227F6F9A00E0988B /* VideoStoreTests */ = {
			isa = PBXNativeTarget;
			buildConfigurationList = A15B509E227F6F9A00E0988B /* Build configuration list for PBXNativeTarget "VideoStoreTests" */;
			buildPhases = (
				A15B508C227F6F9A00E0988B /* Sources */,
				A15B508D227F6F9A00E0988B /* Frameworks */,
				A15B508E227F6F9A00E0988B /* Resources */,
			);
			buildRules = (
			);
			dependencies = (
				A15B5093227F6F9A00E0988B /* PBXTargetDependency */,
			);
			name = VideoStoreTests;
			productName = VideoStoreTests;
			productReference = A15B5090227F6F9A00E0988B /* VideoStoreTests.xctest */;
			productType = "com.apple.product-type.bundle.unit-test";
		};
/* End PBXNativeTarget section */

/* Begin PBXProject section */
		A15B507E227F6F9900E0988B /* Project object */ = {
			isa = PBXProject;
			attributes = {
				LastSwiftUpdateCheck = 1020;
				LastUpgradeCheck = 1020;
				ORGANIZATIONNAME = "Andy Smith";
				TargetAttributes = {
					A15B5086227F6F9900E0988B = {
						CreatedOnToolsVersion = 10.2.1;
						LastSwiftMigration = 1020;
					};
					A15B508F227F6F9A00E0988B = {
						CreatedOnToolsVersion = 10.2.1;
					};
				};
			};
			buildConfigurationList = A15B5081227F6F9900E0988B /* Build configuration list for PBXProject "VideoStore" */;
			compatibilityVersion = "Xcode 9.3";
			developmentRegion = en;
			hasScannedForEncodings = 0;
			knownRegions = (
				en,
			);
			mainGroup = A15B507D227F6F9900E0988B;
			productRefGroup = A15B5088227F6F9900E0988B /* Products */;
			projectDirPath = "";
			projectRoot = "";
			targets = (
				A15B5086227F6F9900E0988B /* VideoStore */,
				A15B508F227F6F9A00E0988B /* VideoStoreTests */,
			);
		};
/* End PBXProject section */

/* Begin PBXResourcesBuildPhase section */
		A15B5085227F6F9900E0988B /* Resources */ = {
			isa = PBXResourcesBuildPhase;
			buildActionMask = 2147483647;
			files = (
			);
			runOnlyForDeploymentPostprocessing = 0;
		};
		A15B508E227F6F9A00E0988B /* Resources */ = {
			isa = PBXResourcesBuildPhase;
			buildActionMask = 2147483647;
			files = (
			);
			runOnlyForDeploymentPostprocessing = 0;
		};
/* End PBXResourcesBuildPhase section */

/* Begin PBXSourcesBuildPhase section */
		A15B5083227F6F9900E0988B /* Sources */ = {
			isa = PBXSourcesBuildPhase;
			buildActionMask = 2147483647;
			files = (
				A15B50A6227F736400E0988B /* Customer.swift in Sources */,
				A15B50A4227F71D000E0988B /* Movie.swift in Sources */,
				A15B50A2227F715400E0988B /* Rental.swift in Sources */,
			);
			runOnlyForDeploymentPostprocessing = 0;
		};
		A15B508C227F6F9A00E0988B /* Sources */ = {
			isa = PBXSourcesBuildPhase;
			buildActionMask = 2147483647;
			files = (
				A15B5096227F6F9A00E0988B /* VideoStoreTests.swift in Sources */,
			);
			runOnlyForDeploymentPostprocessing = 0;
		};
/* End PBXSourcesBuildPhase section */

/* Begin PBXTargetDependency section */
		A15B5093227F6F9A00E0988B /* PBXTargetDependency */ = {
			isa = PBXTargetDependency;
			target = A15B5086227F6F9900E0988B /* VideoStore */;
			targetProxy = A15B5092227F6F9A00E0988B /* PBXContainerItemProxy */;
		};
/* End PBXTargetDependency section */

/* Begin XCBuildConfiguration section */
		A15B5099227F6F9A00E0988B /* Debug */ = {
			isa = XCBuildConfiguration;
			buildSettings = {
				ALWAYS_SEARCH_USER_PATHS = NO;
				CLANG_ANALYZER_NONNULL = YES;
				CLANG_ANALYZER_NUMBER_OBJECT_CONVERSION = YES_AGGRESSIVE;
				CLANG_CXX_LANGUAGE_STANDARD = "gnu++14";
				CLANG_CXX_LIBRARY = "libc++";
				CLANG_ENABLE_MODULES = YES;
				CLANG_ENABLE_OBJC_ARC = YES;
				CLANG_ENABLE_OBJC_WEAK = YES;
				CLANG_WARN_BLOCK_CAPTURE_AUTORELEASING = YES;
				CLANG_WARN_BOOL_CONVERSION = YES;
				CLANG_WARN_COMMA = YES;
				CLANG_WARN_CONSTANT_CONVERSION = YES;
				CLANG_WARN_DEPRECATED_OBJC_IMPLEMENTATIONS = YES;
				CLANG_WARN_DIRECT_OBJC_ISA_USAGE = YES_ERROR;
				CLANG_WARN_DOCUMENTATION_COMMENTS = YES;
				CLANG_WARN_EMPTY_BODY = YES;
				CLANG_WARN_ENUM_CONVERSION = YES;
				CLANG_WARN_INFINITE_RECURSION = YES;
				CLANG_WARN_INT_CONVERSION = YES;
				CLANG_WARN_NON_LITERAL_NULL_CONVERSION = YES;
				CLANG_WARN_OBJC_IMPLICIT_RETAIN_SELF = YES;
				CLANG_WARN_OBJC_LITERAL_CONVERSION = YES;
				CLANG_WARN_OBJC_ROOT_CLASS = YES_ERROR;
				CLANG_WARN_RANGE_LOOP_ANALYSIS = YES;
				CLANG_WARN_STRICT_PROTOTYPES = YES;
				CLANG_WARN_SUSPICIOUS_MOVE = YES;
				CLANG_WARN_UNGUARDED_AVAILABILITY = YES_AGGRESSIVE;
				CLANG_WARN_UNREACHABLE_CODE = YES;
				CLANG_WARN__DUPLICATE_METHOD_MATCH = YES;
				CODE_SIGN_IDENTITY = "-";
				COPY_PHASE_STRIP = NO;
				CURRENT_PROJECT_VERSION = 1;
				DEBUG_INFORMATION_FORMAT = dwarf;
				ENABLE_STRICT_OBJC_MSGSEND = YES;
				ENABLE_TESTABILITY = YES;
				GCC_C_LANGUAGE_STANDARD = gnu11;
				GCC_DYNAMIC_NO_PIC = NO;
				GCC_NO_COMMON_BLOCKS = YES;
				GCC_OPTIMIZATION_LEVEL = 0;
				GCC_PREPROCESSOR_DEFINITIONS = (
					"DEBUG=1",
					"$(inherited)",
				);
				GCC_WARN_64_TO_32_BIT_CONVERSION = YES;
				GCC_WARN_ABOUT_RETURN_TYPE = YES_ERROR;
				GCC_WARN_UNDECLARED_SELECTOR = YES;
				GCC_WARN_UNINITIALIZED_AUTOS = YES_AGGRESSIVE;
				GCC_WARN_UNUSED_FUNCTION = YES;
				GCC_WARN_UNUSED_VARIABLE = YES;
				MACOSX_DEPLOYMENT_TARGET = 10.14;
				MTL_ENABLE_DEBUG_INFO = INCLUDE_SOURCE;
				MTL_FAST_MATH = YES;
				ONLY_ACTIVE_ARCH = YES;
				SDKROOT = macosx;
				SWIFT_ACTIVE_COMPILATION_CONDITIONS = DEBUG;
				SWIFT_OPTIMIZATION_LEVEL = "-Onone";
				VERSIONING_SYSTEM = "apple-generic";
				VERSION_INFO_PREFIX = "";
			};
			name = Debug;
		};
		A15B509A227F6F9A00E0988B /* Release */ = {
			isa = XCBuildConfiguration;
			buildSettings = {
				ALWAYS_SEARCH_USER_PATHS = NO;
				CLANG_ANALYZER_NONNULL = YES;
				CLANG_ANALYZER_NUMBER_OBJECT_CONVERSION = YES_AGGRESSIVE;
				CLANG_CXX_LANGUAGE_STANDARD = "gnu++14";
				CLANG_CXX_LIBRARY = "libc++";
				CLANG_ENABLE_MODULES = YES;
				CLANG_ENABLE_OBJC_ARC = YES;
				CLANG_ENABLE_OBJC_WEAK = YES;
				CLANG_WARN_BLOCK_CAPTURE_AUTORELEASING = YES;
				CLANG_WARN_BOOL_CONVERSION = YES;
				CLANG_WARN_COMMA = YES;
				CLANG_WARN_CONSTANT_CONVERSION = YES;
				CLANG_WARN_DEPRECATED_OBJC_IMPLEMENTATIONS = YES;
				CLANG_WARN_DIRECT_OBJC_ISA_USAGE = YES_ERROR;
				CLANG_WARN_DOCUMENTATION_COMMENTS = YES;
				CLANG_WARN_EMPTY_BODY = YES;
				CLANG_WARN_ENUM_CONVERSION = YES;
				CLANG_WARN_INFINITE_RECURSION = YES;
				CLANG_WARN_INT_CONVERSION = YES;
				CLANG_WARN_NON_LITERAL_NULL_CONVERSION = YES;
				CLANG_WARN_OBJC_IMPLICIT_RETAIN_SELF = YES;
				CLANG_WARN_OBJC_LITERAL_CONVERSION = YES;
				CLANG_WARN_OBJC_ROOT_CLASS = YES_ERROR;
				CLANG_WARN_RANGE_LOOP_ANALYSIS = YES;
				CLANG_WARN_STRICT_PROTOTYPES = YES;
				CLANG_WARN_SUSPICIOUS_MOVE = YES;
				CLANG_WARN_UNGUARDED_AVAILABILITY = YES_AGGRESSIVE;
				CLANG_WARN_UNREACHABLE_CODE = YES;
				CLANG_WARN__DUPLICATE_METHOD_MATCH = YES;
				CODE_SIGN_IDENTITY = "-";
				COPY_PHASE_STRIP = NO;
				CURRENT_PROJECT_VERSION = 1;
				DEBUG_INFORMATION_FORMAT = "dwarf-with-dsym";
				ENABLE_NS_ASSERTIONS = NO;
				ENABLE_STRICT_OBJC_MSGSEND = YES;
				GCC_C_LANGUAGE_STANDARD = gnu11;
				GCC_NO_COMMON_BLOCKS = YES;
				GCC_WARN_64_TO_32_BIT_CONVERSION = YES;
				GCC_WARN_ABOUT_RETURN_TYPE = YES_ERROR;
				GCC_WARN_UNDECLARED_SELECTOR = YES;
				GCC_WARN_UNINITIALIZED_AUTOS = YES_AGGRESSIVE;
				GCC_WARN_UNUSED_FUNCTION = YES;
				GCC_WARN_UNUSED_VARIABLE = YES;
				MACOSX_DEPLOYMENT_TARGET = 10.14;
				MTL_ENABLE_DEBUG_INFO = NO;
				MTL_FAST_MATH = YES;
				SDKROOT = macosx;
				SWIFT_COMPILATION_MODE = wholemodule;
				SWIFT_OPTIMIZATION_LEVEL = "-O";
				VERSIONING_SYSTEM = "apple-generic";
				VERSION_INFO_PREFIX = "";
			};
			name = Release;
		};
		A15B509C227F6F9A00E0988B /* Debug */ = {
			isa = XCBuildConfiguration;
			buildSettings = {
				CLANG_ENABLE_MODULES = YES;
				CODE_SIGN_IDENTITY = "";
				CODE_SIGN_STYLE = Automatic;
				COMBINE_HIDPI_IMAGES = YES;
				DEFINES_MODULE = YES;
				DYLIB_COMPATIBILITY_VERSION = 1;
				DYLIB_CURRENT_VERSION = 1;
				DYLIB_INSTALL_NAME_BASE = "@rpath";
				FRAMEWORK_VERSION = A;
				INFOPLIST_FILE = VideoStore/Info.plist;
				INSTALL_PATH = "$(LOCAL_LIBRARY_DIR)/Frameworks";
				LD_RUNPATH_SEARCH_PATHS = (
					"$(inherited)",
					"@executable_path/../Frameworks",
					"@loader_path/Frameworks",
				);
				PRODUCT_BUNDLE_IDENTIFIER = com.andy.VideoStore;
				PRODUCT_NAME = "$(TARGET_NAME:c99extidentifier)";
				SKIP_INSTALL = YES;
				SWIFT_OPTIMIZATION_LEVEL = "-Onone";
				SWIFT_VERSION = 5.0;
			};
			name = Debug;
		};
		A15B509D227F6F9A00E0988B /* Release */ = {
			isa = XCBuildConfiguration;
			buildSettings = {
				CLANG_ENABLE_MODULES = YES;
				CODE_SIGN_IDENTITY = "";
				CODE_SIGN_STYLE = Automatic;
				COMBINE_HIDPI_IMAGES = YES;
				DEFINES_MODULE = YES;
				DYLIB_COMPATIBILITY_VERSION = 1;
				DYLIB_CURRENT_VERSION = 1;
				DYLIB_INSTALL_NAME_BASE = "@rpath";
				FRAMEWORK_VERSION = A;
				INFOPLIST_FILE = VideoStore/Info.plist;
				INSTALL_PATH = "$(LOCAL_LIBRARY_DIR)/Frameworks";
				LD_RUNPATH_SEARCH_PATHS = (
					"$(inherited)",
					"@executable_path/../Frameworks",
					"@loader_path/Frameworks",
				);
				PRODUCT_BUNDLE_IDENTIFIER = com.andy.VideoStore;
				PRODUCT_NAME = "$(TARGET_NAME:c99extidentifier)";
				SKIP_INSTALL = YES;
				SWIFT_VERSION = 5.0;
			};
			name = Release;
		};
		A15B509F227F6F9A00E0988B /* Debug */ = {
			isa = XCBuildConfiguration;
			buildSettings = {
				ALWAYS_EMBED_SWIFT_STANDARD_LIBRARIES = YES;
				CODE_SIGN_STYLE = Automatic;
				COMBINE_HIDPI_IMAGES = YES;
				INFOPLIST_FILE = VideoStoreTests/Info.plist;
				LD_RUNPATH_SEARCH_PATHS = (
					"$(inherited)",
					"@executable_path/../Frameworks",
					"@loader_path/../Frameworks",
				);
				PRODUCT_BUNDLE_IDENTIFIER = com.andy.VideoStoreTests;
				PRODUCT_NAME = "$(TARGET_NAME)";
				SWIFT_VERSION = 5.0;
			};
			name = Debug;
		};
		A15B50A0227F6F9A00E0988B /* Release */ = {
			isa = XCBuildConfiguration;
			buildSettings = {
				ALWAYS_EMBED_SWIFT_STANDARD_LIBRARIES = YES;
				CODE_SIGN_STYLE = Automatic;
				COMBINE_HIDPI_IMAGES = YES;
				INFOPLIST_FILE = VideoStoreTests/Info.plist;
				LD_RUNPATH_SEARCH_PATHS = (
					"$(inherited)",
					"@executable_path/../Frameworks",
					"@loader_path/../Frameworks",
				);
				PRODUCT_BUNDLE_IDENTIFIER = com.andy.VideoStoreTests;
				PRODUCT_NAME = "$(TARGET_NAME)";
				SWIFT_VERSION = 5.0;
			};
			name = Release;
		};
/* End XCBuildConfiguration section */

/* Begin XCConfigurationList section */
		A15B5081227F6F9900E0988B /* Build configuration list for PBXProject "VideoStore" */ = {
			isa = XCConfigurationList;
			buildConfigurations = (
				A15B5099227F6F9A00E0988B /* Debug */,
				A15B509A227F6F9A00E0988B /* Release */,
			);
			defaultConfigurationIsVisible = 0;
			defaultConfigurationName = Release;
		};
		A15B509B227F6F9A00E0988B /* Build configuration list for PBXNativeTarget "VideoStore" */ = {
			isa = XCConfigurationList;
			buildConfigurations = (
				A15B509C227F6F9A00E0988B /* Debug */,
				A15B509D227F6F9A00E0988B /* Release */,
			);
			defaultConfigurationIsVisible = 0;
			defaultConfigurationName = Release;
		};
		A15B509E227F6F9A00E0988B /* Build configuration list for PBXNativeTarget "VideoStoreTests" */ = {
			isa = XCConfigurationList;
			buildConfigurations = (
				A15B509F227F6F9A00E0988B /* Debug */,
				A15B50A0227F6F9A00E0988B /* Release */,
			);
			defaultConfigurationIsVisible = 0;
			defaultConfigurationName = Release;
		};
/* End XCConfigurationList section */
	};
	rootObject = A15B507E227F6F9900E0988B /* Project object */;
}
